// !$*UTF8*$!
{
	archiveVersion = 1;
	classes = {
	};
	objectVersion = 50;
	objects = {

/* Begin PBXBuildFile section */
		114C358926C5B50C00D9C17B /* UserModel.swift in Sources */ = {isa = PBXBuildFile; fileRef = 114C358826C5B50C00D9C17B /* UserModel.swift */; };
		114C358B26C5B52B00D9C17B /* GroupModel.swift in Sources */ = {isa = PBXBuildFile; fileRef = 114C358A26C5B52B00D9C17B /* GroupModel.swift */; };
		114C358D26C5B6D500D9C17B /* PhotoModel.swift in Sources */ = {isa = PBXBuildFile; fileRef = 114C358C26C5B6D500D9C17B /* PhotoModel.swift */; };
		114C359126C5BB8800D9C17B /* GroupsStorage.swift in Sources */ = {isa = PBXBuildFile; fileRef = 114C359026C5BB8800D9C17B /* GroupsStorage.swift */; };
		114C359326C5BF2600D9C17B /* UsersStorage.swift in Sources */ = {isa = PBXBuildFile; fileRef = 114C359226C5BF2600D9C17B /* UsersStorage.swift */; };
		114C359526C5C3D100D9C17B /* SettingsStorage.swift in Sources */ = {isa = PBXBuildFile; fileRef = 114C359426C5C3D100D9C17B /* SettingsStorage.swift */; };
		114C359826C6E29F00D9C17B /* Storage.swift in Sources */ = {isa = PBXBuildFile; fileRef = 114C359726C6E29F00D9C17B /* Storage.swift */; };
		114C359C26C73BC300D9C17B /* PhotosCollectionViewCell.swift in Sources */ = {isa = PBXBuildFile; fileRef = 114C359B26C73BC300D9C17B /* PhotosCollectionViewCell.swift */; };
		114E086426CB0979008F519A /* CommentControl.swift in Sources */ = {isa = PBXBuildFile; fileRef = 114E086326CB0979008F519A /* CommentControl.swift */; };
		114E086826CBE4C5008F519A /* LikeControl.swift in Sources */ = {isa = PBXBuildFile; fileRef = 114E086726CBE4C5008F519A /* LikeControl.swift */; };
		114E086C26CC3D3A008F519A /* WordControl.swift in Sources */ = {isa = PBXBuildFile; fileRef = 114E086B26CC3D3A008F519A /* WordControl.swift */; };
		114E087026CD6905008F519A /* AvatarView.swift in Sources */ = {isa = PBXBuildFile; fileRef = 114E086F26CD6905008F519A /* AvatarView.swift */; };
		114E087226CD72E4008F519A /* ButtonView.swift in Sources */ = {isa = PBXBuildFile; fileRef = 114E087126CD72E4008F519A /* ButtonView.swift */; };
		114E087426CE7064008F519A /* PostModel.swift in Sources */ = {isa = PBXBuildFile; fileRef = 114E087326CE7064008F519A /* PostModel.swift */; };
		114E087626CE72AC008F519A /* FeedStorage.swift in Sources */ = {isa = PBXBuildFile; fileRef = 114E087526CE72AC008F519A /* FeedStorage.swift */; };
		114E087826CE79C5008F519A /* FeedViewController.swift in Sources */ = {isa = PBXBuildFile; fileRef = 114E087726CE79C5008F519A /* FeedViewController.swift */; };
		114E087A26CE7AA8008F519A /* FeedTableViewCell.swift in Sources */ = {isa = PBXBuildFile; fileRef = 114E087926CE7AA8008F519A /* FeedTableViewCell.swift */; };
		114E087C26CEAAC1008F519A /* PictureBorderView.swift in Sources */ = {isa = PBXBuildFile; fileRef = 114E087B26CEAAC1008F519A /* PictureBorderView.swift */; };
		114E087E26CEB518008F519A /* ShareControl.swift in Sources */ = {isa = PBXBuildFile; fileRef = 114E087D26CEB518008F519A /* ShareControl.swift */; };
		114E088026CF9257008F519A /* ViewsCountControl.swift in Sources */ = {isa = PBXBuildFile; fileRef = 114E087F26CF9257008F519A /* ViewsCountControl.swift */; };
		114E088226D03045008F519A /* UserProfileView.swift in Sources */ = {isa = PBXBuildFile; fileRef = 114E088126D03045008F519A /* UserProfileView.swift */; };
		114E088426D03EED008F519A /* UserProfilePhotosCollectionViewCell.swift in Sources */ = {isa = PBXBuildFile; fileRef = 114E088326D03EED008F519A /* UserProfilePhotosCollectionViewCell.swift */; };
		114E088626D05967008F519A /* UserProfileWallTableViewCell.swift in Sources */ = {isa = PBXBuildFile; fileRef = 114E088526D05967008F519A /* UserProfileWallTableViewCell.swift */; };
		114E233626C2FEFE003456EF /* FriendsViewController.swift in Sources */ = {isa = PBXBuildFile; fileRef = 114E233526C2FEFE003456EF /* FriendsViewController.swift */; };
		114E233926C30171003456EF /* FriendsTableViewCell.swift in Sources */ = {isa = PBXBuildFile; fileRef = 114E233826C30171003456EF /* FriendsTableViewCell.swift */; };
		114E234226C41983003456EF /* OldProfileViewController.swift in Sources */ = {isa = PBXBuildFile; fileRef = 114E234126C41982003456EF /* OldProfileViewController.swift */; };
		114E234826C4F3B4003456EF /* PhotosViewController.swift in Sources */ = {isa = PBXBuildFile; fileRef = 114E234726C4F3B4003456EF /* PhotosViewController.swift */; };
		1193D88C26D1787E000509CA /* GroupProfileViewController.swift in Sources */ = {isa = PBXBuildFile; fileRef = 1193D88B26D1787E000509CA /* GroupProfileViewController.swift */; };
		11CCD81926BC6403009A5865 /* AppDelegate.swift in Sources */ = {isa = PBXBuildFile; fileRef = 11CCD81826BC6403009A5865 /* AppDelegate.swift */; };
		11CCD81B26BC6403009A5865 /* SceneDelegate.swift in Sources */ = {isa = PBXBuildFile; fileRef = 11CCD81A26BC6403009A5865 /* SceneDelegate.swift */; };
		11CCD82026BC6403009A5865 /* Main.storyboard in Resources */ = {isa = PBXBuildFile; fileRef = 11CCD81E26BC6403009A5865 /* Main.storyboard */; };
		11CCD82226BC6405009A5865 /* Assets.xcassets in Resources */ = {isa = PBXBuildFile; fileRef = 11CCD82126BC6405009A5865 /* Assets.xcassets */; };
		11CCD82526BC6405009A5865 /* LaunchScreen.storyboard in Resources */ = {isa = PBXBuildFile; fileRef = 11CCD82326BC6405009A5865 /* LaunchScreen.storyboard */; };
		11CCD82F26BD75A2009A5865 /* LoginFormController.swift in Sources */ = {isa = PBXBuildFile; fileRef = 11CCD82E26BD75A2009A5865 /* LoginFormController.swift */; };
		11CCD84326BF13F3009A5865 /* TabBarController.swift in Sources */ = {isa = PBXBuildFile; fileRef = 11CCD84226BF13F3009A5865 /* TabBarController.swift */; };
		11F4A0FC26C5768300990634 /* SettingsViewController.swift in Sources */ = {isa = PBXBuildFile; fileRef = 11F4A0FB26C5768300990634 /* SettingsViewController.swift */; };
		11F8BC1426C1D586006FFF39 /* FavGroupsViewController.swift in Sources */ = {isa = PBXBuildFile; fileRef = 11F8BC1326C1D586006FFF39 /* FavGroupsViewController.swift */; };
		11F8BC1626C1D9D6006FFF39 /* GroupsTableViewCell.swift in Sources */ = {isa = PBXBuildFile; fileRef = 11F8BC1526C1D9D6006FFF39 /* GroupsTableViewCell.swift */; };
		11F8BC1926C2ECE2006FFF39 /* AllGroupsViewController.swift in Sources */ = {isa = PBXBuildFile; fileRef = 11F8BC1826C2ECE2006FFF39 /* AllGroupsViewController.swift */; };
/* End PBXBuildFile section */

/* Begin PBXFileReference section */
		114C358826C5B50C00D9C17B /* UserModel.swift */ = {isa = PBXFileReference; lastKnownFileType = sourcecode.swift; path = UserModel.swift; sourceTree = "<group>"; };
		114C358A26C5B52B00D9C17B /* GroupModel.swift */ = {isa = PBXFileReference; lastKnownFileType = sourcecode.swift; path = GroupModel.swift; sourceTree = "<group>"; };
		114C358C26C5B6D500D9C17B /* PhotoModel.swift */ = {isa = PBXFileReference; lastKnownFileType = sourcecode.swift; path = PhotoModel.swift; sourceTree = "<group>"; };
		114C359026C5BB8800D9C17B /* GroupsStorage.swift */ = {isa = PBXFileReference; lastKnownFileType = sourcecode.swift; path = GroupsStorage.swift; sourceTree = "<group>"; };
		114C359226C5BF2600D9C17B /* UsersStorage.swift */ = {isa = PBXFileReference; lastKnownFileType = sourcecode.swift; path = UsersStorage.swift; sourceTree = "<group>"; };
		114C359426C5C3D100D9C17B /* SettingsStorage.swift */ = {isa = PBXFileReference; lastKnownFileType = sourcecode.swift; path = SettingsStorage.swift; sourceTree = "<group>"; };
		114C359726C6E29F00D9C17B /* Storage.swift */ = {isa = PBXFileReference; lastKnownFileType = sourcecode.swift; path = Storage.swift; sourceTree = "<group>"; };
		114C359B26C73BC300D9C17B /* PhotosCollectionViewCell.swift */ = {isa = PBXFileReference; fileEncoding = 4; lastKnownFileType = sourcecode.swift; path = PhotosCollectionViewCell.swift; sourceTree = "<group>"; };
		114E086326CB0979008F519A /* CommentControl.swift */ = {isa = PBXFileReference; lastKnownFileType = sourcecode.swift; path = CommentControl.swift; sourceTree = "<group>"; };
		114E086726CBE4C5008F519A /* LikeControl.swift */ = {isa = PBXFileReference; lastKnownFileType = sourcecode.swift; path = LikeControl.swift; sourceTree = "<group>"; };
		114E086B26CC3D3A008F519A /* WordControl.swift */ = {isa = PBXFileReference; lastKnownFileType = sourcecode.swift; path = WordControl.swift; sourceTree = "<group>"; };
		114E086F26CD6905008F519A /* AvatarView.swift */ = {isa = PBXFileReference; lastKnownFileType = sourcecode.swift; name = AvatarView.swift; path = VKApp/Controllers/Login/Custom/AvatarView.swift; sourceTree = SOURCE_ROOT; };
		114E087126CD72E4008F519A /* ButtonView.swift */ = {isa = PBXFileReference; lastKnownFileType = sourcecode.swift; path = ButtonView.swift; sourceTree = "<group>"; };
		114E087326CE7064008F519A /* PostModel.swift */ = {isa = PBXFileReference; lastKnownFileType = sourcecode.swift; path = PostModel.swift; sourceTree = "<group>"; };
		114E087526CE72AC008F519A /* FeedStorage.swift */ = {isa = PBXFileReference; lastKnownFileType = sourcecode.swift; path = FeedStorage.swift; sourceTree = "<group>"; };
		114E087726CE79C5008F519A /* FeedViewController.swift */ = {isa = PBXFileReference; lastKnownFileType = sourcecode.swift; path = FeedViewController.swift; sourceTree = "<group>"; };
		114E087926CE7AA8008F519A /* FeedTableViewCell.swift */ = {isa = PBXFileReference; lastKnownFileType = sourcecode.swift; path = FeedTableViewCell.swift; sourceTree = "<group>"; };
		114E087B26CEAAC1008F519A /* PictureBorderView.swift */ = {isa = PBXFileReference; lastKnownFileType = sourcecode.swift; path = PictureBorderView.swift; sourceTree = "<group>"; };
		114E087D26CEB518008F519A /* ShareControl.swift */ = {isa = PBXFileReference; lastKnownFileType = sourcecode.swift; path = ShareControl.swift; sourceTree = "<group>"; };
		114E087F26CF9257008F519A /* ViewsCountControl.swift */ = {isa = PBXFileReference; lastKnownFileType = sourcecode.swift; path = ViewsCountControl.swift; sourceTree = "<group>"; };
		114E088126D03045008F519A /* UserProfileView.swift */ = {isa = PBXFileReference; lastKnownFileType = sourcecode.swift; path = UserProfileView.swift; sourceTree = "<group>"; };
		114E088326D03EED008F519A /* UserProfilePhotosCollectionViewCell.swift */ = {isa = PBXFileReference; lastKnownFileType = sourcecode.swift; path = UserProfilePhotosCollectionViewCell.swift; sourceTree = "<group>"; };
		114E088526D05967008F519A /* UserProfileWallTableViewCell.swift */ = {isa = PBXFileReference; lastKnownFileType = sourcecode.swift; path = UserProfileWallTableViewCell.swift; sourceTree = "<group>"; };
		114E233526C2FEFE003456EF /* FriendsViewController.swift */ = {isa = PBXFileReference; lastKnownFileType = sourcecode.swift; path = FriendsViewController.swift; sourceTree = "<group>"; };
		114E233826C30171003456EF /* FriendsTableViewCell.swift */ = {isa = PBXFileReference; lastKnownFileType = sourcecode.swift; path = FriendsTableViewCell.swift; sourceTree = "<group>"; };
		114E234126C41982003456EF /* OldProfileViewController.swift */ = {isa = PBXFileReference; lastKnownFileType = sourcecode.swift; path = OldProfileViewController.swift; sourceTree = "<group>"; };
		114E234726C4F3B4003456EF /* PhotosViewController.swift */ = {isa = PBXFileReference; lastKnownFileType = sourcecode.swift; path = PhotosViewController.swift; sourceTree = "<group>"; };
		1193D88B26D1787E000509CA /* GroupProfileViewController.swift */ = {isa = PBXFileReference; lastKnownFileType = sourcecode.swift; path = GroupProfileViewController.swift; sourceTree = "<group>"; };
		11CCD81526BC6403009A5865 /* VKApp.app */ = {isa = PBXFileReference; explicitFileType = wrapper.application; includeInIndex = 0; path = VKApp.app; sourceTree = BUILT_PRODUCTS_DIR; };
		11CCD81826BC6403009A5865 /* AppDelegate.swift */ = {isa = PBXFileReference; lastKnownFileType = sourcecode.swift; path = AppDelegate.swift; sourceTree = "<group>"; };
		11CCD81A26BC6403009A5865 /* SceneDelegate.swift */ = {isa = PBXFileReference; lastKnownFileType = sourcecode.swift; path = SceneDelegate.swift; sourceTree = "<group>"; };
		11CCD81F26BC6403009A5865 /* Base */ = {isa = PBXFileReference; lastKnownFileType = file.storyboard; name = Base; path = Base.lproj/Main.storyboard; sourceTree = "<group>"; };
		11CCD82126BC6405009A5865 /* Assets.xcassets */ = {isa = PBXFileReference; lastKnownFileType = folder.assetcatalog; path = Assets.xcassets; sourceTree = "<group>"; };
		11CCD82426BC6405009A5865 /* Base */ = {isa = PBXFileReference; lastKnownFileType = file.storyboard; name = Base; path = Base.lproj/LaunchScreen.storyboard; sourceTree = "<group>"; };
		11CCD82626BC6405009A5865 /* Info.plist */ = {isa = PBXFileReference; lastKnownFileType = text.plist.xml; path = Info.plist; sourceTree = "<group>"; };
		11CCD82E26BD75A2009A5865 /* LoginFormController.swift */ = {isa = PBXFileReference; lastKnownFileType = sourcecode.swift; path = LoginFormController.swift; sourceTree = "<group>"; };
		11CCD84226BF13F3009A5865 /* TabBarController.swift */ = {isa = PBXFileReference; lastKnownFileType = sourcecode.swift; path = TabBarController.swift; sourceTree = "<group>"; };
		11F4A0FB26C5768300990634 /* SettingsViewController.swift */ = {isa = PBXFileReference; lastKnownFileType = sourcecode.swift; path = SettingsViewController.swift; sourceTree = "<group>"; };
		11F8BC1326C1D586006FFF39 /* FavGroupsViewController.swift */ = {isa = PBXFileReference; lastKnownFileType = sourcecode.swift; path = FavGroupsViewController.swift; sourceTree = "<group>"; };
		11F8BC1526C1D9D6006FFF39 /* GroupsTableViewCell.swift */ = {isa = PBXFileReference; lastKnownFileType = sourcecode.swift; path = GroupsTableViewCell.swift; sourceTree = "<group>"; };
		11F8BC1826C2ECE2006FFF39 /* AllGroupsViewController.swift */ = {isa = PBXFileReference; lastKnownFileType = sourcecode.swift; path = AllGroupsViewController.swift; sourceTree = "<group>"; };
/* End PBXFileReference section */

/* Begin PBXFrameworksBuildPhase section */
		11CCD81226BC6403009A5865 /* Frameworks */ = {
			isa = PBXFrameworksBuildPhase;
			buildActionMask = 2147483647;
			files = (
			);
			runOnlyForDeploymentPostprocessing = 0;
		};
/* End PBXFrameworksBuildPhase section */

/* Begin PBXGroup section */
		114C358726C5B43A00D9C17B /* Models */ = {
			isa = PBXGroup;
			children = (
				114C358826C5B50C00D9C17B /* UserModel.swift */,
				114C358C26C5B6D500D9C17B /* PhotoModel.swift */,
				114E087326CE7064008F519A /* PostModel.swift */,
				114C358A26C5B52B00D9C17B /* GroupModel.swift */,
			);
			path = Models;
			sourceTree = "<group>";
		};
		114C359926C7392C00D9C17B /* Settings */ = {
			isa = PBXGroup;
			children = (
				11F4A0FB26C5768300990634 /* SettingsViewController.swift */,
			);
			path = Settings;
			sourceTree = "<group>";
		};
		114E233726C2FF04003456EF /* Friends */ = {
			isa = PBXGroup;
			children = (
				119E68F426D113CC000345E6 /* Custom */,
				114E233F26C3B5CF003456EF /* Controller */,
				114E233E26C3B5C6003456EF /* Cell */,
			);
			path = Friends;
			sourceTree = "<group>";
		};
		114E233A26C3B535003456EF /* Login */ = {
			isa = PBXGroup;
			children = (
				119E68F526D113F6000345E6 /* Controller */,
				119E68F626D11406000345E6 /* Custom */,
			);
			path = Login;
			sourceTree = "<group>";
		};
		114E233C26C3B598003456EF /* Groups */ = {
			isa = PBXGroup;
			children = (
				114E233D26C3B5A6003456EF /* Cell */,
				11F8BC1726C2DCAB006FFF39 /* FavGroups */,
				1193D88D26D178B3000509CA /* GroupProfile */,
				11F8BC1A26C2ECE9006FFF39 /* AllGroups */,
			);
			path = Groups;
			sourceTree = "<group>";
		};
		114E233D26C3B5A6003456EF /* Cell */ = {
			isa = PBXGroup;
			children = (
				11F8BC1526C1D9D6006FFF39 /* GroupsTableViewCell.swift */,
			);
			path = Cell;
			sourceTree = "<group>";
		};
		114E233E26C3B5C6003456EF /* Cell */ = {
			isa = PBXGroup;
			children = (
				114E233826C30171003456EF /* FriendsTableViewCell.swift */,
			);
			path = Cell;
			sourceTree = "<group>";
		};
		114E233F26C3B5CF003456EF /* Controller */ = {
			isa = PBXGroup;
			children = (
				114E233526C2FEFE003456EF /* FriendsViewController.swift */,
			);
			path = Controller;
			sourceTree = "<group>";
		};
		114E234026C3B5ED003456EF /* TabBar */ = {
			isa = PBXGroup;
			children = (
				11CCD84226BF13F3009A5865 /* TabBarController.swift */,
			);
			path = TabBar;
			sourceTree = "<group>";
		};
		114E234326C41994003456EF /* MyProfile */ = {
			isa = PBXGroup;
			children = (
				114E234126C41982003456EF /* OldProfileViewController.swift */,
				114C359926C7392C00D9C17B /* Settings */,
			);
			path = MyProfile;
			sourceTree = "<group>";
		};
		114E234426C4F24D003456EF /* Photos */ = {
			isa = PBXGroup;
			children = (
				1193D88A26D11A31000509CA /* Cell */,
				1193D88726D1193B000509CA /* Custom */,
				1193D88626D11931000509CA /* Controller */,
			);
			path = Photos;
			sourceTree = "<group>";
		};
		1193D88526D114A6000509CA /* Feed */ = {
			isa = PBXGroup;
			children = (
				114E087726CE79C5008F519A /* FeedViewController.swift */,
				114E087926CE7AA8008F519A /* FeedTableViewCell.swift */,
			);
			path = Feed;
			sourceTree = "<group>";
		};
		1193D88626D11931000509CA /* Controller */ = {
			isa = PBXGroup;
			children = (
				114E234726C4F3B4003456EF /* PhotosViewController.swift */,
			);
			path = Controller;
			sourceTree = "<group>";
		};
		1193D88726D1193B000509CA /* Custom */ = {
			isa = PBXGroup;
			children = (
				114E086726CBE4C5008F519A /* LikeControl.swift */,
				114E086326CB0979008F519A /* CommentControl.swift */,
				114E087F26CF9257008F519A /* ViewsCountControl.swift */,
				114E087D26CEB518008F519A /* ShareControl.swift */,
			);
			path = Custom;
			sourceTree = "<group>";
		};
		1193D88926D119A5000509CA /* Cell */ = {
			isa = PBXGroup;
			children = (
				114E088326D03EED008F519A /* UserProfilePhotosCollectionViewCell.swift */,
			);
			path = Cell;
			sourceTree = "<group>";
		};
		1193D88A26D11A31000509CA /* Cell */ = {
			isa = PBXGroup;
			children = (
				114C359B26C73BC300D9C17B /* PhotosCollectionViewCell.swift */,
			);
			path = Cell;
			sourceTree = "<group>";
		};
		1193D88D26D178B3000509CA /* GroupProfile */ = {
			isa = PBXGroup;
			children = (
				1193D88B26D1787E000509CA /* GroupProfileViewController.swift */,
			);
			path = GroupProfile;
			sourceTree = "<group>";
		};
		119E68F326D11335000345E6 /* UserProfile */ = {
			isa = PBXGroup;
			children = (
				1193D88926D119A5000509CA /* Cell */,
				114E088526D05967008F519A /* UserProfileWallTableViewCell.swift */,
				114E088126D03045008F519A /* UserProfileView.swift */,
			);
			path = UserProfile;
			sourceTree = "<group>";
		};
		119E68F426D113CC000345E6 /* Custom */ = {
			isa = PBXGroup;
			children = (
				114E086B26CC3D3A008F519A /* WordControl.swift */,
			);
			path = Custom;
			sourceTree = "<group>";
		};
		119E68F526D113F6000345E6 /* Controller */ = {
			isa = PBXGroup;
			children = (
				11CCD82E26BD75A2009A5865 /* LoginFormController.swift */,
			);
			path = Controller;
			sourceTree = "<group>";
		};
		119E68F626D11406000345E6 /* Custom */ = {
			isa = PBXGroup;
			children = (
				114E086F26CD6905008F519A /* AvatarView.swift */,
				114E087B26CEAAC1008F519A /* PictureBorderView.swift */,
				114E087126CD72E4008F519A /* ButtonView.swift */,
			);
			path = Custom;
			sourceTree = "<group>";
		};
		11CCD80C26BC6403009A5865 = {
			isa = PBXGroup;
			children = (
				11CCD81726BC6403009A5865 /* VKApp */,
				11CCD81626BC6403009A5865 /* Products */,
			);
			sourceTree = "<group>";
		};
		11CCD81626BC6403009A5865 /* Products */ = {
			isa = PBXGroup;
			children = (
				11CCD81526BC6403009A5865 /* VKApp.app */,
			);
			name = Products;
			sourceTree = "<group>";
		};
		11CCD81726BC6403009A5865 /* VKApp */ = {
			isa = PBXGroup;
			children = (
				11CCD81E26BC6403009A5865 /* Main.storyboard */,
				114C358726C5B43A00D9C17B /* Models */,
				11CCD83026BDA08D009A5865 /* Delegate */,
				11CCD83326BDA194009A5865 /* Controllers */,
				11CCD83126BDA0C2009A5865 /* Resources */,
				11CCD83226BDA0FD009A5865 /* Configuration */,
			);
			path = VKApp;
			sourceTree = "<group>";
		};
		11CCD83026BDA08D009A5865 /* Delegate */ = {
			isa = PBXGroup;
			children = (
				11CCD81826BC6403009A5865 /* AppDelegate.swift */,
				11CCD81A26BC6403009A5865 /* SceneDelegate.swift */,
			);
			path = Delegate;
			sourceTree = "<group>";
		};
		11CCD83126BDA0C2009A5865 /* Resources */ = {
			isa = PBXGroup;
			children = (
				114C359726C6E29F00D9C17B /* Storage.swift */,
				114C359026C5BB8800D9C17B /* GroupsStorage.swift */,
				114C359226C5BF2600D9C17B /* UsersStorage.swift */,
				114E087526CE72AC008F519A /* FeedStorage.swift */,
				114C359426C5C3D100D9C17B /* SettingsStorage.swift */,
				11CCD82126BC6405009A5865 /* Assets.xcassets */,
			);
			path = Resources;
			sourceTree = "<group>";
		};
		11CCD83226BDA0FD009A5865 /* Configuration */ = {
			isa = PBXGroup;
			children = (
				11CCD82326BC6405009A5865 /* LaunchScreen.storyboard */,
				11CCD82626BC6405009A5865 /* Info.plist */,
			);
			path = Configuration;
			sourceTree = "<group>";
		};
		11CCD83326BDA194009A5865 /* Controllers */ = {
			isa = PBXGroup;
			children = (
				114E233A26C3B535003456EF /* Login */,
				114E233726C2FF04003456EF /* Friends */,
				119E68F326D11335000345E6 /* UserProfile */,
				114E234426C4F24D003456EF /* Photos */,
				114E233C26C3B598003456EF /* Groups */,
				114E234326C41994003456EF /* MyProfile */,
				1193D88526D114A6000509CA /* Feed */,
				114E234026C3B5ED003456EF /* TabBar */,
			);
			path = Controllers;
			sourceTree = "<group>";
		};
		11F8BC1726C2DCAB006FFF39 /* FavGroups */ = {
			isa = PBXGroup;
			children = (
				11F8BC1326C1D586006FFF39 /* FavGroupsViewController.swift */,
			);
			path = FavGroups;
			sourceTree = "<group>";
		};
		11F8BC1A26C2ECE9006FFF39 /* AllGroups */ = {
			isa = PBXGroup;
			children = (
				11F8BC1826C2ECE2006FFF39 /* AllGroupsViewController.swift */,
			);
			path = AllGroups;
			sourceTree = "<group>";
		};
/* End PBXGroup section */

/* Begin PBXNativeTarget section */
		11CCD81426BC6403009A5865 /* VKApp */ = {
			isa = PBXNativeTarget;
			buildConfigurationList = 11CCD82926BC6405009A5865 /* Build configuration list for PBXNativeTarget "VKApp" */;
			buildPhases = (
				11CCD81126BC6403009A5865 /* Sources */,
				11CCD81226BC6403009A5865 /* Frameworks */,
				11CCD81326BC6403009A5865 /* Resources */,
			);
			buildRules = (
			);
			dependencies = (
			);
			name = VKApp;
			productName = VKApp;
			productReference = 11CCD81526BC6403009A5865 /* VKApp.app */;
			productType = "com.apple.product-type.application";
		};
/* End PBXNativeTarget section */

/* Begin PBXProject section */
		11CCD80D26BC6403009A5865 /* Project object */ = {
			isa = PBXProject;
			attributes = {
				LastSwiftUpdateCheck = 1250;
				LastUpgradeCheck = 1250;
				TargetAttributes = {
					11CCD81426BC6403009A5865 = {
						CreatedOnToolsVersion = 12.5.1;
					};
				};
			};
			buildConfigurationList = 11CCD81026BC6403009A5865 /* Build configuration list for PBXProject "VKApp" */;
			compatibilityVersion = "Xcode 9.3";
			developmentRegion = en;
			hasScannedForEncodings = 0;
			knownRegions = (
				en,
				Base,
			);
			mainGroup = 11CCD80C26BC6403009A5865;
			productRefGroup = 11CCD81626BC6403009A5865 /* Products */;
			projectDirPath = "";
			projectRoot = "";
			targets = (
				11CCD81426BC6403009A5865 /* VKApp */,
			);
		};
/* End PBXProject section */

/* Begin PBXResourcesBuildPhase section */
		11CCD81326BC6403009A5865 /* Resources */ = {
			isa = PBXResourcesBuildPhase;
			buildActionMask = 2147483647;
			files = (
				11CCD82526BC6405009A5865 /* LaunchScreen.storyboard in Resources */,
				11CCD82226BC6405009A5865 /* Assets.xcassets in Resources */,
				11CCD82026BC6403009A5865 /* Main.storyboard in Resources */,
			);
			runOnlyForDeploymentPostprocessing = 0;
		};
/* End PBXResourcesBuildPhase section */

/* Begin PBXSourcesBuildPhase section */
		11CCD81126BC6403009A5865 /* Sources */ = {
			isa = PBXSourcesBuildPhase;
			buildActionMask = 2147483647;
			files = (
				11CCD82F26BD75A2009A5865 /* LoginFormController.swift in Sources */,
				114C359826C6E29F00D9C17B /* Storage.swift in Sources */,
				114E234826C4F3B4003456EF /* PhotosViewController.swift in Sources */,
				114E086426CB0979008F519A /* CommentControl.swift in Sources */,
				11F8BC1426C1D586006FFF39 /* FavGroupsViewController.swift in Sources */,
				114C359326C5BF2600D9C17B /* UsersStorage.swift in Sources */,
				114E087826CE79C5008F519A /* FeedViewController.swift in Sources */,
				114E088226D03045008F519A /* UserProfileView.swift in Sources */,
				114C358B26C5B52B00D9C17B /* GroupModel.swift in Sources */,
				114E233926C30171003456EF /* FriendsTableViewCell.swift in Sources */,
				114E087C26CEAAC1008F519A /* PictureBorderView.swift in Sources */,
				114E088426D03EED008F519A /* UserProfilePhotosCollectionViewCell.swift in Sources */,
				1193D88C26D1787E000509CA /* GroupProfileViewController.swift in Sources */,
				114E088026CF9257008F519A /* ViewsCountControl.swift in Sources */,
				11CCD81926BC6403009A5865 /* AppDelegate.swift in Sources */,
				114C359C26C73BC300D9C17B /* PhotosCollectionViewCell.swift in Sources */,
				11CCD81B26BC6403009A5865 /* SceneDelegate.swift in Sources */,
				114E233626C2FEFE003456EF /* FriendsViewController.swift in Sources */,
				114C358926C5B50C00D9C17B /* UserModel.swift in Sources */,
				114E087026CD6905008F519A /* AvatarView.swift in Sources */,
				114E234226C41983003456EF /* OldProfileViewController.swift in Sources */,
				11F4A0FC26C5768300990634 /* SettingsViewController.swift in Sources */,
				11F8BC1926C2ECE2006FFF39 /* AllGroupsViewController.swift in Sources */,
				114E086826CBE4C5008F519A /* LikeControl.swift in Sources */,
				114C358D26C5B6D500D9C17B /* PhotoModel.swift in Sources */,
				11CCD84326BF13F3009A5865 /* TabBarController.swift in Sources */,
				114E088626D05967008F519A /* UserProfileWallTableViewCell.swift in Sources */,
				114E087626CE72AC008F519A /* FeedStorage.swift in Sources */,
				114E087226CD72E4008F519A /* ButtonView.swift in Sources */,
				114C359526C5C3D100D9C17B /* SettingsStorage.swift in Sources */,
				114E087426CE7064008F519A /* PostModel.swift in Sources */,
				114C359126C5BB8800D9C17B /* GroupsStorage.swift in Sources */,
				114E087A26CE7AA8008F519A /* FeedTableViewCell.swift in Sources */,
				114E087E26CEB518008F519A /* ShareControl.swift in Sources */,
				114E086C26CC3D3A008F519A /* WordControl.swift in Sources */,
				11F8BC1626C1D9D6006FFF39 /* GroupsTableViewCell.swift in Sources */,
			);
			runOnlyForDeploymentPostprocessing = 0;
		};
/* End PBXSourcesBuildPhase section */

/* Begin PBXVariantGroup section */
		11CCD81E26BC6403009A5865 /* Main.storyboard */ = {
			isa = PBXVariantGroup;
			children = (
				11CCD81F26BC6403009A5865 /* Base */,
			);
			name = Main.storyboard;
			sourceTree = "<group>";
		};
		11CCD82326BC6405009A5865 /* LaunchScreen.storyboard */ = {
			isa = PBXVariantGroup;
			children = (
				11CCD82426BC6405009A5865 /* Base */,
			);
			name = LaunchScreen.storyboard;
			sourceTree = "<group>";
		};
/* End PBXVariantGroup section */

/* Begin XCBuildConfiguration section */
		11CCD82726BC6405009A5865 /* Debug */ = {
			isa = XCBuildConfiguration;
			buildSettings = {
				ALWAYS_SEARCH_USER_PATHS = NO;
				CLANG_ANALYZER_NONNULL = YES;
				CLANG_ANALYZER_NUMBER_OBJECT_CONVERSION = YES_AGGRESSIVE;
				CLANG_CXX_LANGUAGE_STANDARD = "gnu++14";
				CLANG_CXX_LIBRARY = "libc++";
				CLANG_ENABLE_MODULES = YES;
				CLANG_ENABLE_OBJC_ARC = YES;
				CLANG_ENABLE_OBJC_WEAK = YES;
				CLANG_WARN_BLOCK_CAPTURE_AUTORELEASING = YES;
				CLANG_WARN_BOOL_CONVERSION = YES;
				CLANG_WARN_COMMA = YES;
				CLANG_WARN_CONSTANT_CONVERSION = YES;
				CLANG_WARN_DEPRECATED_OBJC_IMPLEMENTATIONS = YES;
				CLANG_WARN_DIRECT_OBJC_ISA_USAGE = YES_ERROR;
				CLANG_WARN_DOCUMENTATION_COMMENTS = YES;
				CLANG_WARN_EMPTY_BODY = YES;
				CLANG_WARN_ENUM_CONVERSION = YES;
				CLANG_WARN_INFINITE_RECURSION = YES;
				CLANG_WARN_INT_CONVERSION = YES;
				CLANG_WARN_NON_LITERAL_NULL_CONVERSION = YES;
				CLANG_WARN_OBJC_IMPLICIT_RETAIN_SELF = YES;
				CLANG_WARN_OBJC_LITERAL_CONVERSION = YES;
				CLANG_WARN_OBJC_ROOT_CLASS = YES_ERROR;
				CLANG_WARN_QUOTED_INCLUDE_IN_FRAMEWORK_HEADER = YES;
				CLANG_WARN_RANGE_LOOP_ANALYSIS = YES;
				CLANG_WARN_STRICT_PROTOTYPES = YES;
				CLANG_WARN_SUSPICIOUS_MOVE = YES;
				CLANG_WARN_UNGUARDED_AVAILABILITY = YES_AGGRESSIVE;
				CLANG_WARN_UNREACHABLE_CODE = YES;
				CLANG_WARN__DUPLICATE_METHOD_MATCH = YES;
				COPY_PHASE_STRIP = NO;
				DEBUG_INFORMATION_FORMAT = dwarf;
				ENABLE_STRICT_OBJC_MSGSEND = YES;
				ENABLE_TESTABILITY = YES;
				GCC_C_LANGUAGE_STANDARD = gnu11;
				GCC_DYNAMIC_NO_PIC = NO;
				GCC_NO_COMMON_BLOCKS = YES;
				GCC_OPTIMIZATION_LEVEL = 0;
				GCC_PREPROCESSOR_DEFINITIONS = (
					"DEBUG=1",
					"$(inherited)",
				);
				GCC_WARN_64_TO_32_BIT_CONVERSION = YES;
				GCC_WARN_ABOUT_RETURN_TYPE = YES_ERROR;
				GCC_WARN_UNDECLARED_SELECTOR = YES;
				GCC_WARN_UNINITIALIZED_AUTOS = YES_AGGRESSIVE;
				GCC_WARN_UNUSED_FUNCTION = YES;
				GCC_WARN_UNUSED_VARIABLE = YES;
				IPHONEOS_DEPLOYMENT_TARGET = 14.5;
				MTL_ENABLE_DEBUG_INFO = INCLUDE_SOURCE;
				MTL_FAST_MATH = YES;
				ONLY_ACTIVE_ARCH = YES;
				SDKROOT = iphoneos;
				SWIFT_ACTIVE_COMPILATION_CONDITIONS = DEBUG;
				SWIFT_OPTIMIZATION_LEVEL = "-Onone";
			};
			name = Debug;
		};
		11CCD82826BC6405009A5865 /* Release */ = {
			isa = XCBuildConfiguration;
			buildSettings = {
				ALWAYS_SEARCH_USER_PATHS = NO;
				CLANG_ANALYZER_NONNULL = YES;
				CLANG_ANALYZER_NUMBER_OBJECT_CONVERSION = YES_AGGRESSIVE;
				CLANG_CXX_LANGUAGE_STANDARD = "gnu++14";
				CLANG_CXX_LIBRARY = "libc++";
				CLANG_ENABLE_MODULES = YES;
				CLANG_ENABLE_OBJC_ARC = YES;
				CLANG_ENABLE_OBJC_WEAK = YES;
				CLANG_WARN_BLOCK_CAPTURE_AUTORELEASING = YES;
				CLANG_WARN_BOOL_CONVERSION = YES;
				CLANG_WARN_COMMA = YES;
				CLANG_WARN_CONSTANT_CONVERSION = YES;
				CLANG_WARN_DEPRECATED_OBJC_IMPLEMENTATIONS = YES;
				CLANG_WARN_DIRECT_OBJC_ISA_USAGE = YES_ERROR;
				CLANG_WARN_DOCUMENTATION_COMMENTS = YES;
				CLANG_WARN_EMPTY_BODY = YES;
				CLANG_WARN_ENUM_CONVERSION = YES;
				CLANG_WARN_INFINITE_RECURSION = YES;
				CLANG_WARN_INT_CONVERSION = YES;
				CLANG_WARN_NON_LITERAL_NULL_CONVERSION = YES;
				CLANG_WARN_OBJC_IMPLICIT_RETAIN_SELF = YES;
				CLANG_WARN_OBJC_LITERAL_CONVERSION = YES;
				CLANG_WARN_OBJC_ROOT_CLASS = YES_ERROR;
				CLANG_WARN_QUOTED_INCLUDE_IN_FRAMEWORK_HEADER = YES;
				CLANG_WARN_RANGE_LOOP_ANALYSIS = YES;
				CLANG_WARN_STRICT_PROTOTYPES = YES;
				CLANG_WARN_SUSPICIOUS_MOVE = YES;
				CLANG_WARN_UNGUARDED_AVAILABILITY = YES_AGGRESSIVE;
				CLANG_WARN_UNREACHABLE_CODE = YES;
				CLANG_WARN__DUPLICATE_METHOD_MATCH = YES;
				COPY_PHASE_STRIP = NO;
				DEBUG_INFORMATION_FORMAT = "dwarf-with-dsym";
				ENABLE_NS_ASSERTIONS = NO;
				ENABLE_STRICT_OBJC_MSGSEND = YES;
				GCC_C_LANGUAGE_STANDARD = gnu11;
				GCC_NO_COMMON_BLOCKS = YES;
				GCC_WARN_64_TO_32_BIT_CONVERSION = YES;
				GCC_WARN_ABOUT_RETURN_TYPE = YES_ERROR;
				GCC_WARN_UNDECLARED_SELECTOR = YES;
				GCC_WARN_UNINITIALIZED_AUTOS = YES_AGGRESSIVE;
				GCC_WARN_UNUSED_FUNCTION = YES;
				GCC_WARN_UNUSED_VARIABLE = YES;
				IPHONEOS_DEPLOYMENT_TARGET = 14.5;
				MTL_ENABLE_DEBUG_INFO = NO;
				MTL_FAST_MATH = YES;
				SDKROOT = iphoneos;
				SWIFT_COMPILATION_MODE = wholemodule;
				SWIFT_OPTIMIZATION_LEVEL = "-O";
				VALIDATE_PRODUCT = YES;
			};
			name = Release;
		};
		11CCD82A26BC6405009A5865 /* Debug */ = {
			isa = XCBuildConfiguration;
			buildSettings = {
				ASSETCATALOG_COMPILER_APPICON_NAME = AppIcon;
				ASSETCATALOG_COMPILER_GLOBAL_ACCENT_COLOR_NAME = AccentColor;
				CODE_SIGN_STYLE = Automatic;
				DEVELOPMENT_TEAM = LA3HM9Z55Z;
				INFOPLIST_FILE = VKApp/Configuration/Info.plist;
				IPHONEOS_DEPLOYMENT_TARGET = 14.3;
				LD_RUNPATH_SEARCH_PATHS = (
					"$(inherited)",
					"@executable_path/Frameworks",
				);
				PRODUCT_BUNDLE_IDENTIFIER = ru.borisSobolev.VKApp;
				PRODUCT_NAME = "$(TARGET_NAME)";
				SWIFT_VERSION = 5.0;
				TARGETED_DEVICE_FAMILY = "1,2";
			};
			name = Debug;
		};
		11CCD82B26BC6405009A5865 /* Release */ = {
			isa = XCBuildConfiguration;
			buildSettings = {
				ASSETCATALOG_COMPILER_APPICON_NAME = AppIcon;
				ASSETCATALOG_COMPILER_GLOBAL_ACCENT_COLOR_NAME = AccentColor;
				CODE_SIGN_STYLE = Automatic;
				DEVELOPMENT_TEAM = LA3HM9Z55Z;
				INFOPLIST_FILE = VKApp/Configuration/Info.plist;
				IPHONEOS_DEPLOYMENT_TARGET = 14.3;
				LD_RUNPATH_SEARCH_PATHS = (
					"$(inherited)",
					"@executable_path/Frameworks",
				);
				PRODUCT_BUNDLE_IDENTIFIER = ru.borisSobolev.VKApp;
				PRODUCT_NAME = "$(TARGET_NAME)";
				SWIFT_VERSION = 5.0;
				TARGETED_DEVICE_FAMILY = "1,2";
			};
			name = Release;
		};
/* End XCBuildConfiguration section */

/* Begin XCConfigurationList section */
		11CCD81026BC6403009A5865 /* Build configuration list for PBXProject "VKApp" */ = {
			isa = XCConfigurationList;
			buildConfigurations = (
				11CCD82726BC6405009A5865 /* Debug */,
				11CCD82826BC6405009A5865 /* Release */,
			);
			defaultConfigurationIsVisible = 0;
			defaultConfigurationName = Release;
		};
		11CCD82926BC6405009A5865 /* Build configuration list for PBXNativeTarget "VKApp" */ = {
			isa = XCConfigurationList;
			buildConfigurations = (
				11CCD82A26BC6405009A5865 /* Debug */,
				11CCD82B26BC6405009A5865 /* Release */,
			);
			defaultConfigurationIsVisible = 0;
			defaultConfigurationName = Release;
		};
/* End XCConfigurationList section */
	};
	rootObject = 11CCD80D26BC6403009A5865 /* Project object */;
}
